
Microsoft Visual Studio Solution File, Format Version 12.00
# Visual Studio 15
VisualStudioVersion = 15.0.27130.2010
MinimumVisualStudioVersion = 10.0.40219.1
Project("{FAE04EC0-301F-11D3-BF4B-00C04F79EFBC}") = "百邦所得税汇算底稿工具", "百邦所得税汇算底稿工具\百邦所得税汇算底稿工具.csproj", "{2F9DF10D-2A51-4094-8366-ADA0DF87355F}"
EndProject
Global
	GlobalSection(SolutionConfigurationPlatforms) = preSolution
		Debug|Any CPU = Debug|Any CPU
		Release|Any CPU = Release|Any CPU
	EndGlobalSection
	GlobalSection(ProjectConfigurationPlatforms) = postSolution
		{2F9DF10D-2A51-4094-8366-ADA0DF87355F}.Debug|Any CPU.ActiveCfg = Debug|Any CPU
		{2F9DF10D-2A51-4094-8366-ADA0DF87355F}.Debug|Any CPU.Build.0 = Debug|Any CPU
		{2F9DF10D-2A51-4094-8366-ADA0DF87355F}.Release|Any CPU.ActiveCfg = Release|Any CPU
		{2F9DF10D-2A51-4094-8366-ADA0DF87355F}.Release|Any CPU.Build.0 = Release|Any CPU
	EndGlobalSection
	GlobalSection(SolutionProperties) = preSolution
		HideSolutionNode = FALSE
	EndGlobalSection
	GlobalSection(ExtensibilityGlobals) = postSolution
		SolutionGuid = {5AF9A2F0-56CE-42F6-A914-7805B9770526}
	EndGlobalSection
EndGlobal
